
Microsoft Visual Studio Solution File, Format Version 12.00
# Visual Studio Version 17
VisualStudioVersion = 17.14.36414.22 d17.14
MinimumVisualStudioVersion = 10.0.40219.1
Project("{FAE04EC0-301F-11D3-BF4B-00C04F79EFBC}") = "lksmart", "lksmart\lksmart.csproj", "{766510EF-2930-4167-A2E9-9D89E34497B5}"
EndProject
Global
	GlobalSection(SolutionConfigurationPlatforms) = preSolution
		Debug|Any CPU = Debug|Any CPU
		Release|Any CPU = Release|Any CPU
	EndGlobalSection
	GlobalSection(ProjectConfigurationPlatforms) = postSolution
		{766510EF-2930-4167-A2E9-9D89E34497B5}.Debug|Any CPU.ActiveCfg = Debug|Any CPU
		{766510EF-2930-4167-A2E9-9D89E34497B5}.Debug|Any CPU.Build.0 = Debug|Any CPU
		{766510EF-2930-4167-A2E9-9D89E34497B5}.Release|Any CPU.ActiveCfg = Release|Any CPU
		{766510EF-2930-4167-A2E9-9D89E34497B5}.Release|Any CPU.Build.0 = Release|Any CPU
	EndGlobalSection
	GlobalSection(SolutionProperties) = preSolution
		HideSolutionNode = FALSE
	EndGlobalSection
	GlobalSection(ExtensibilityGlobals) = postSolution
		SolutionGuid = {E072B109-CFAF-4668-BA9A-3D0CEDE10408}
	EndGlobalSection
EndGlobal
